
Microsoft Visual Studio Solution File, Format Version 12.00
# Visual Studio 2012
Project("{FAE04EC0-301F-11D3-BF4B-00C04F79EFBC}") = "Hqub.GlobalSat", "Hqub.GlobalStatDC100\Hqub.GlobalSat.csproj", "{AD716607-5FF1-422E-9373-5B215780A58B}"
EndProject
Project("{FAE04EC0-301F-11D3-BF4B-00C04F79EFBC}") = "Hqub.GlobalSatDG.Host", "Hqub.GlobalStatDC100.Host\Hqub.GlobalSatDG.Host.csproj", "{08930809-464B-4B67-A548-E23C49BEEB56}"
EndProject
Project("{FAE04EC0-301F-11D3-BF4B-00C04F79EFBC}") = "Hqub.GlobalSatDG.Host.Console", "Hqub.GlobalStatDC100.Host.Console\Hqub.GlobalSatDG.Host.Console.csproj", "{93325198-DE08-4994-8319-CF4F90939A0F}"
EndProject
Project("{FAE04EC0-301F-11D3-BF4B-00C04F79EFBC}") = "Hqub.PostRequestUtils", "Hqub.PostRequestUtils\Hqub.PostRequestUtils.csproj", "{52613E14-45A0-4BD5-8F94-21B309514DD6}"
EndProject
Global
	GlobalSection(SolutionConfigurationPlatforms) = preSolution
		Debug|Any CPU = Debug|Any CPU
		Debug|Mixed Platforms = Debug|Mixed Platforms
		Debug|x86 = Debug|x86
		Release|Any CPU = Release|Any CPU
		Release|Mixed Platforms = Release|Mixed Platforms
		Release|x86 = Release|x86
	EndGlobalSection
	GlobalSection(ProjectConfigurationPlatforms) = postSolution
		{AD716607-5FF1-422E-9373-5B215780A58B}.Debug|Any CPU.ActiveCfg = Debug|Any CPU
		{AD716607-5FF1-422E-9373-5B215780A58B}.Debug|Any CPU.Build.0 = Debug|Any CPU
		{AD716607-5FF1-422E-9373-5B215780A58B}.Debug|Mixed Platforms.ActiveCfg = Release|Any CPU
		{AD716607-5FF1-422E-9373-5B215780A58B}.Debug|Mixed Platforms.Build.0 = Release|Any CPU
		{AD716607-5FF1-422E-9373-5B215780A58B}.Debug|x86.ActiveCfg = Debug|Any CPU
		{AD716607-5FF1-422E-9373-5B215780A58B}.Release|Any CPU.ActiveCfg = Release|Any CPU
		{AD716607-5FF1-422E-9373-5B215780A58B}.Release|Any CPU.Build.0 = Release|Any CPU
		{AD716607-5FF1-422E-9373-5B215780A58B}.Release|Mixed Platforms.ActiveCfg = Release|Any CPU
		{AD716607-5FF1-422E-9373-5B215780A58B}.Release|Mixed Platforms.Build.0 = Release|Any CPU
		{AD716607-5FF1-422E-9373-5B215780A58B}.Release|x86.ActiveCfg = Release|Any CPU
		{08930809-464B-4B67-A548-E23C49BEEB56}.Debug|Any CPU.ActiveCfg = Debug|x86
		{08930809-464B-4B67-A548-E23C49BEEB56}.Debug|Mixed Platforms.ActiveCfg = Release|x86
		{08930809-464B-4B67-A548-E23C49BEEB56}.Debug|Mixed Platforms.Build.0 = Release|x86
		{08930809-464B-4B67-A548-E23C49BEEB56}.Debug|x86.ActiveCfg = Debug|x86
		{08930809-464B-4B67-A548-E23C49BEEB56}.Debug|x86.Build.0 = Debug|x86
		{08930809-464B-4B67-A548-E23C49BEEB56}.Release|Any CPU.ActiveCfg = Release|x86
		{08930809-464B-4B67-A548-E23C49BEEB56}.Release|Mixed Platforms.ActiveCfg = Release|x86
		{08930809-464B-4B67-A548-E23C49BEEB56}.Release|Mixed Platforms.Build.0 = Release|x86
		{08930809-464B-4B67-A548-E23C49BEEB56}.Release|x86.ActiveCfg = Release|x86
		{08930809-464B-4B67-A548-E23C49BEEB56}.Release|x86.Build.0 = Release|x86
		{93325198-DE08-4994-8319-CF4F90939A0F}.Debug|Any CPU.ActiveCfg = Debug|x86
		{93325198-DE08-4994-8319-CF4F90939A0F}.Debug|Mixed Platforms.ActiveCfg = Release|x86
		{93325198-DE08-4994-8319-CF4F90939A0F}.Debug|Mixed Platforms.Build.0 = Release|x86
		{93325198-DE08-4994-8319-CF4F90939A0F}.Debug|x86.ActiveCfg = Debug|x86
		{93325198-DE08-4994-8319-CF4F90939A0F}.Debug|x86.Build.0 = Debug|x86
		{93325198-DE08-4994-8319-CF4F90939A0F}.Release|Any CPU.ActiveCfg = Release|x86
		{93325198-DE08-4994-8319-CF4F90939A0F}.Release|Mixed Platforms.ActiveCfg = Release|x86
		{93325198-DE08-4994-8319-CF4F90939A0F}.Release|Mixed Platforms.Build.0 = Release|x86
		{93325198-DE08-4994-8319-CF4F90939A0F}.Release|x86.ActiveCfg = Release|x86
		{93325198-DE08-4994-8319-CF4F90939A0F}.Release|x86.Build.0 = Release|x86
		{52613E14-45A0-4BD5-8F94-21B309514DD6}.Debug|Any CPU.ActiveCfg = Debug|Any CPU
		{52613E14-45A0-4BD5-8F94-21B309514DD6}.Debug|Any CPU.Build.0 = Debug|Any CPU
		{52613E14-45A0-4BD5-8F94-21B309514DD6}.Debug|Mixed Platforms.ActiveCfg = Release|Any CPU
		{52613E14-45A0-4BD5-8F94-21B309514DD6}.Debug|Mixed Platforms.Build.0 = Release|Any CPU
		{52613E14-45A0-4BD5-8F94-21B309514DD6}.Debug|x86.ActiveCfg = Debug|Any CPU
		{52613E14-45A0-4BD5-8F94-21B309514DD6}.Release|Any CPU.ActiveCfg = Release|Any CPU
		{52613E14-45A0-4BD5-8F94-21B309514DD6}.Release|Any CPU.Build.0 = Release|Any CPU
		{52613E14-45A0-4BD5-8F94-21B309514DD6}.Release|Mixed Platforms.ActiveCfg = Release|Any CPU
		{52613E14-45A0-4BD5-8F94-21B309514DD6}.Release|Mixed Platforms.Build.0 = Release|Any CPU
		{52613E14-45A0-4BD5-8F94-21B309514DD6}.Release|x86.ActiveCfg = Release|Any CPU
	EndGlobalSection
	GlobalSection(SolutionProperties) = preSolution
		HideSolutionNode = FALSE
	EndGlobalSection
	GlobalSection(ExtensibilityGlobals) = postSolution
		VisualSVNWorkingCopyRoot = ..
	EndGlobalSection
EndGlobal
